
Microsoft Visual Studio Solution File, Format Version 12.00
# Visual Studio Version 16
VisualStudioVersion = 16.0.31729.503
MinimumVisualStudioVersion = 10.0.40219.1
Project("{FAE04EC0-301F-11D3-BF4B-00C04F79EFBC}") = "TS3Reisancho.Android", "TS3Reisancho\TS3Reisancho.Android\TS3Reisancho.Android.csproj", "{8CCF898A-7CDA-4AD5-9576-95B2859ABDA3}"
EndProject
Project("{FAE04EC0-301F-11D3-BF4B-00C04F79EFBC}") = "TS3Reisancho.iOS", "TS3Reisancho\TS3Reisancho.iOS\TS3Reisancho.iOS.csproj", "{A7E2318E-C781-4BC5-BF27-D40AA4E04D91}"
EndProject
Project("{FAE04EC0-301F-11D3-BF4B-00C04F79EFBC}") = "TS3Reisancho", "TS3Reisancho\TS3Reisancho\TS3Reisancho.csproj", "{A7CE6763-8CB7-49A3-A8CA-980DB610E559}"
EndProject
Global
	GlobalSection(SolutionConfigurationPlatforms) = preSolution
		Debug|Any CPU = Debug|Any CPU
		Debug|iPhone = Debug|iPhone
		Debug|iPhoneSimulator = Debug|iPhoneSimulator
		Release|Any CPU = Release|Any CPU
		Release|iPhone = Release|iPhone
		Release|iPhoneSimulator = Release|iPhoneSimulator
	EndGlobalSection
	GlobalSection(ProjectConfigurationPlatforms) = postSolution
		{8CCF898A-7CDA-4AD5-9576-95B2859ABDA3}.Debug|Any CPU.ActiveCfg = Debug|Any CPU
		{8CCF898A-7CDA-4AD5-9576-95B2859ABDA3}.Debug|Any CPU.Build.0 = Debug|Any CPU
		{8CCF898A-7CDA-4AD5-9576-95B2859ABDA3}.Debug|Any CPU.Deploy.0 = Debug|Any CPU
		{8CCF898A-7CDA-4AD5-9576-95B2859ABDA3}.Debug|iPhone.ActiveCfg = Debug|Any CPU
		{8CCF898A-7CDA-4AD5-9576-95B2859ABDA3}.Debug|iPhone.Build.0 = Debug|Any CPU
		{8CCF898A-7CDA-4AD5-9576-95B2859ABDA3}.Debug|iPhone.Deploy.0 = Debug|Any CPU
		{8CCF898A-7CDA-4AD5-9576-95B2859ABDA3}.Debug|iPhoneSimulator.ActiveCfg = Debug|Any CPU
		{8CCF898A-7CDA-4AD5-9576-95B2859ABDA3}.Debug|iPhoneSimulator.Build.0 = Debug|Any CPU
		{8CCF898A-7CDA-4AD5-9576-95B2859ABDA3}.Debug|iPhoneSimulator.Deploy.0 = Debug|Any CPU
		{8CCF898A-7CDA-4AD5-9576-95B2859ABDA3}.Release|Any CPU.ActiveCfg = Release|Any CPU
		{8CCF898A-7CDA-4AD5-9576-95B2859ABDA3}.Release|Any CPU.Build.0 = Release|Any CPU
		{8CCF898A-7CDA-4AD5-9576-95B2859ABDA3}.Release|Any CPU.Deploy.0 = Release|Any CPU
		{8CCF898A-7CDA-4AD5-9576-95B2859ABDA3}.Release|iPhone.ActiveCfg = Release|Any CPU
		{8CCF898A-7CDA-4AD5-9576-95B2859ABDA3}.Release|iPhone.Build.0 = Release|Any CPU
		{8CCF898A-7CDA-4AD5-9576-95B2859ABDA3}.Release|iPhone.Deploy.0 = Release|Any CPU
		{8CCF898A-7CDA-4AD5-9576-95B2859ABDA3}.Release|iPhoneSimulator.ActiveCfg = Release|Any CPU
		{8CCF898A-7CDA-4AD5-9576-95B2859ABDA3}.Release|iPhoneSimulator.Build.0 = Release|Any CPU
		{8CCF898A-7CDA-4AD5-9576-95B2859ABDA3}.Release|iPhoneSimulator.Deploy.0 = Release|Any CPU
		{A7E2318E-C781-4BC5-BF27-D40AA4E04D91}.Debug|Any CPU.ActiveCfg = Debug|iPhone
		{A7E2318E-C781-4BC5-BF27-D40AA4E04D91}.Debug|Any CPU.Build.0 = Debug|iPhone
		{A7E2318E-C781-4BC5-BF27-D40AA4E04D91}.Debug|Any CPU.Deploy.0 = Debug|iPhone
		{A7E2318E-C781-4BC5-BF27-D40AA4E04D91}.Debug|iPhone.ActiveCfg = Debug|iPhone
		{A7E2318E-C781-4BC5-BF27-D40AA4E04D91}.Debug|iPhone.Build.0 = Debug|iPhone
		{A7E2318E-C781-4BC5-BF27-D40AA4E04D91}.Debug|iPhone.Deploy.0 = Debug|iPhone
		{A7E2318E-C781-4BC5-BF27-D40AA4E04D91}.Debug|iPhoneSimulator.ActiveCfg = Debug|iPhoneSimulator
		{A7E2318E-C781-4BC5-BF27-D40AA4E04D91}.Debug|iPhoneSimulator.Build.0 = Debug|iPhoneSimulator
		{A7E2318E-C781-4BC5-BF27-D40AA4E04D91}.Debug|iPhoneSimulator.Deploy.0 = Debug|iPhoneSimulator
		{A7E2318E-C781-4BC5-BF27-D40AA4E04D91}.Release|Any CPU.ActiveCfg = Release|iPhoneSimulator
		{A7E2318E-C781-4BC5-BF27-D40AA4E04D91}.Release|Any CPU.Build.0 = Release|iPhoneSimulator
		{A7E2318E-C781-4BC5-BF27-D40AA4E04D91}.Release|Any CPU.Deploy.0 = Release|iPhoneSimulator
		{A7E2318E-C781-4BC5-BF27-D40AA4E04D91}.Release|iPhone.ActiveCfg = Release|iPhone
		{A7E2318E-C781-4BC5-BF27-D40AA4E04D91}.Release|iPhone.Build.0 = Release|iPhone
		{A7E2318E-C781-4BC5-BF27-D40AA4E04D91}.Release|iPhone.Deploy.0 = Release|iPhone
		{A7E2318E-C781-4BC5-BF27-D40AA4E04D91}.Release|iPhoneSimulator.ActiveCfg = Release|iPhoneSimulator
		{A7E2318E-C781-4BC5-BF27-D40AA4E04D91}.Release|iPhoneSimulator.Build.0 = Release|iPhoneSimulator
		{A7E2318E-C781-4BC5-BF27-D40AA4E04D91}.Release|iPhoneSimulator.Deploy.0 = Release|iPhoneSimulator
		{A7CE6763-8CB7-49A3-A8CA-980DB610E559}.Debug|Any CPU.ActiveCfg = Debug|Any CPU
		{A7CE6763-8CB7-49A3-A8CA-980DB610E559}.Debug|Any CPU.Build.0 = Debug|Any CPU
		{A7CE6763-8CB7-49A3-A8CA-980DB610E559}.Debug|Any CPU.Deploy.0 = Debug|Any CPU
		{A7CE6763-8CB7-49A3-A8CA-980DB610E559}.Debug|iPhone.ActiveCfg = Debug|Any CPU
		{A7CE6763-8CB7-49A3-A8CA-980DB610E559}.Debug|iPhone.Build.0 = Debug|Any CPU
		{A7CE6763-8CB7-49A3-A8CA-980DB610E559}.Debug|iPhone.Deploy.0 = Debug|Any CPU
		{A7CE6763-8CB7-49A3-A8CA-980DB610E559}.Debug|iPhoneSimulator.ActiveCfg = Debug|Any CPU
		{A7CE6763-8CB7-49A3-A8CA-980DB610E559}.Debug|iPhoneSimulator.Build.0 = Debug|Any CPU
		{A7CE6763-8CB7-49A3-A8CA-980DB610E559}.Debug|iPhoneSimulator.Deploy.0 = Debug|Any CPU
		{A7CE6763-8CB7-49A3-A8CA-980DB610E559}.Release|Any CPU.ActiveCfg = Release|Any CPU
		{A7CE6763-8CB7-49A3-A8CA-980DB610E559}.Release|Any CPU.Build.0 = Release|Any CPU
		{A7CE6763-8CB7-49A3-A8CA-980DB610E559}.Release|Any CPU.Deploy.0 = Release|Any CPU
		{A7CE6763-8CB7-49A3-A8CA-980DB610E559}.Release|iPhone.ActiveCfg = Release|Any CPU
		{A7CE6763-8CB7-49A3-A8CA-980DB610E559}.Release|iPhone.Build.0 = Release|Any CPU
		{A7CE6763-8CB7-49A3-A8CA-980DB610E559}.Release|iPhone.Deploy.0 = Release|Any CPU
		{A7CE6763-8CB7-49A3-A8CA-980DB610E559}.Release|iPhoneSimulator.ActiveCfg = Release|Any CPU
		{A7CE6763-8CB7-49A3-A8CA-980DB610E559}.Release|iPhoneSimulator.Build.0 = Release|Any CPU
		{A7CE6763-8CB7-49A3-A8CA-980DB610E559}.Release|iPhoneSimulator.Deploy.0 = Release|Any CPU
	EndGlobalSection
	GlobalSection(SolutionProperties) = preSolution
		HideSolutionNode = FALSE
	EndGlobalSection
	GlobalSection(ExtensibilityGlobals) = postSolution
		SolutionGuid = {1F610F49-93A9-4331-8E45-40DF74417B80}
	EndGlobalSection
EndGlobal
